<?xml version="1.0" encoding="UTF-8" standalone="yes" ?>
<CodeBlocks_project_file>
	<FileVersion major="1" minor="6" />
	<Project>
		<Option title="tgclustering" />
		<Option pch_mode="2" />
		<Option default_target="Release" />
		<Option compiler="gcc" />
		<Build>
			<Target title="Debug">
				<Option output="../tgnewsd" prefix_auto="1" extension_auto="1" />
				<Option object_output="obj/Debug/" />
				<Option type="1" />
				<Option compiler="gcc" />
				<Option parameters="languages ..\inputTest" />
				<Compiler>
					<Add option="-g" />
					<Add option="-DTG_DEBUG_INFO" />
					<Add directory="include" />
				</Compiler>
			</Target>
			<Target title="Release">
				<Option output="../tgnews" prefix_auto="1" extension_auto="1" />
				<Option object_output="obj/Release/" />
				<Option type="1" />
				<Option compiler="gcc" />
				<Option parameters="languages ..\inputTest" />
				<Compiler>
					<Add option="-O3" />
					<Add directory="include" />
				</Compiler>
				<Linker>
					<Add option="-s" />
					<Add option="-static-libstdc++" />
				</Linker>
			</Target>
		</Build>
		<Compiler>
			<Add option="-Wall" />
			<Add option="-fexceptions" />
		</Compiler>
		<Unit filename="include/CArticle.h" />
		<Unit filename="include/CFileHolder.h" />
		<Unit filename="include/CNode.h" />
		<Unit filename="include/tgnews_mgr.h" />
		<Unit filename="include/tgparser.h" />
		<Unit filename="include/tgtypes.h" />
		<Unit filename="include/tools.h" />
		<Unit filename="main.cpp" />
		<Unit filename="src/CArticle.cpp" />
		<Unit filename="src/CFileHolder.cpp" />
		<Unit filename="src/CNode.cpp" />
		<Unit filename="src/tgnews_mgr.cpp" />
		<Unit filename="src/tgparser.cpp" />
		<Unit filename="src/tools.cpp" />
		<Extensions>
			<code_completion />
			<envvars />
			<debugger />
			<lib_finder disable_auto="1" />
		</Extensions>
	</Project>
</CodeBlocks_project_file>
